
Microsoft Visual Studio Solution File, Format Version 12.00
# Visual Studio Version 17
VisualStudioVersion = 17.4.33213.308
MinimumVisualStudioVersion = 10.0.40219.1
Project("{8BC9CEB8-8B4A-11D0-8D11-00A0C91BC942}") = "LearningOpenGL", "LearningOpenGL\LearningOpenGL.vcxproj", "{4DE31E3E-7BAB-44E2-B512-3A78198DFA45}"
EndProject
Global
	GlobalSection(SolutionConfigurationPlatforms) = preSolution
		Debug|x64 = Debug|x64
		Debug|x86 = Debug|x86
		Release|x64 = Release|x64
		Release|x86 = Release|x86
	EndGlobalSection
	GlobalSection(ProjectConfigurationPlatforms) = postSolution
		{4DE31E3E-7BAB-44E2-B512-3A78198DFA45}.Debug|x64.ActiveCfg = Debug|x64
		{4DE31E3E-7BAB-44E2-B512-3A78198DFA45}.Debug|x64.Build.0 = Debug|x64
		{4DE31E3E-7BAB-44E2-B512-3A78198DFA45}.Debug|x86.ActiveCfg = Debug|Win32
		{4DE31E3E-7BAB-44E2-B512-3A78198DFA45}.Debug|x86.Build.0 = Debug|Win32
		{4DE31E3E-7BAB-44E2-B512-3A78198DFA45}.Release|x64.ActiveCfg = Release|x64
		{4DE31E3E-7BAB-44E2-B512-3A78198DFA45}.Release|x64.Build.0 = Release|x64
		{4DE31E3E-7BAB-44E2-B512-3A78198DFA45}.Release|x86.ActiveCfg = Release|Win32
		{4DE31E3E-7BAB-44E2-B512-3A78198DFA45}.Release|x86.Build.0 = Release|Win32
	EndGlobalSection
	GlobalSection(SolutionProperties) = preSolution
		HideSolutionNode = FALSE
	EndGlobalSection
	GlobalSection(ExtensibilityGlobals) = postSolution
		SolutionGuid = {334B1892-C13E-4717-A1F6-5F553791F27A}
	EndGlobalSection
EndGlobal
